// !$*UTF8*$!
{
	archiveVersion = 1;
	classes = {
	};
	objectVersion = 46;
	objects = {

/* Begin PBXBuildFile section */
		7A35DAB31F55030600D71EB9 /* AppDelegate.swift in Sources */ = {isa = PBXBuildFile; fileRef = 7A35DAB21F55030600D71EB9 /* AppDelegate.swift */; };
		7A35DAB51F55030600D71EB9 /* ViewController.swift in Sources */ = {isa = PBXBuildFile; fileRef = 7A35DAB41F55030600D71EB9 /* ViewController.swift */; };
		7A35DAB81F55030600D71EB9 /* Main.storyboard in Resources */ = {isa = PBXBuildFile; fileRef = 7A35DAB61F55030600D71EB9 /* Main.storyboard */; };
		7A35DABA1F55030600D71EB9 /* Assets.xcassets in Resources */ = {isa = PBXBuildFile; fileRef = 7A35DAB91F55030600D71EB9 /* Assets.xcassets */; };
		7A35DABD1F55030600D71EB9 /* LaunchScreen.storyboard in Resources */ = {isa = PBXBuildFile; fileRef = 7A35DABB1F55030600D71EB9 /* LaunchScreen.storyboard */; };
		7A35DAC21F55030700D71EB9 /* InputOutput WatchKit App.app in Embed Watch Content */ = {isa = PBXBuildFile; fileRef = 7A35DAC11F55030700D71EB9 /* InputOutput WatchKit App.app */; };
		7A35DAC81F55030700D71EB9 /* Interface.storyboard in Resources */ = {isa = PBXBuildFile; fileRef = 7A35DAC61F55030700D71EB9 /* Interface.storyboard */; };
		7A35DACA1F55030700D71EB9 /* Assets.xcassets in Resources */ = {isa = PBXBuildFile; fileRef = 7A35DAC91F55030700D71EB9 /* Assets.xcassets */; };
		7A35DAD11F55030700D71EB9 /* InputOutput WatchKit Extension.appex in Embed App Extensions */ = {isa = PBXBuildFile; fileRef = 7A35DAD01F55030700D71EB9 /* InputOutput WatchKit Extension.appex */; settings = {ATTRIBUTES = (RemoveHeadersOnCopy, ); }; };
		7A35DAD61F55030700D71EB9 /* InterfaceController.swift in Sources */ = {isa = PBXBuildFile; fileRef = 7A35DAD51F55030700D71EB9 /* InterfaceController.swift */; };
		7A35DAD81F55030700D71EB9 /* ExtensionDelegate.swift in Sources */ = {isa = PBXBuildFile; fileRef = 7A35DAD71F55030700D71EB9 /* ExtensionDelegate.swift */; };
		7A35DADA1F55030700D71EB9 /* Assets.xcassets in Resources */ = {isa = PBXBuildFile; fileRef = 7A35DAD91F55030700D71EB9 /* Assets.xcassets */; };
/* End PBXBuildFile section */

/* Begin PBXContainerItemProxy section */
		7A35DAC31F55030700D71EB9 /* PBXContainerItemProxy */ = {
			isa = PBXContainerItemProxy;
			containerPortal = 7A35DAA71F55030600D71EB9 /* Project object */;
			proxyType = 1;
			remoteGlobalIDString = 7A35DAC01F55030700D71EB9;
			remoteInfo = "InputOutput WatchKit App";
		};
		7A35DAD21F55030700D71EB9 /* PBXContainerItemProxy */ = {
			isa = PBXContainerItemProxy;
			containerPortal = 7A35DAA71F55030600D71EB9 /* Project object */;
			proxyType = 1;
			remoteGlobalIDString = 7A35DACF1F55030700D71EB9;
			remoteInfo = "InputOutput WatchKit Extension";
		};
/* End PBXContainerItemProxy section */

/* Begin PBXCopyFilesBuildPhase section */
		7A35DAE11F55030700D71EB9 /* Embed App Extensions */ = {
			isa = PBXCopyFilesBuildPhase;
			buildActionMask = 2147483647;
			dstPath = "";
			dstSubfolderSpec = 13;
			files = (
				7A35DAD11F55030700D71EB9 /* InputOutput WatchKit Extension.appex in Embed App Extensions */,
			);
			name = "Embed App Extensions";
			runOnlyForDeploymentPostprocessing = 0;
		};
		7A35DAE51F55030700D71EB9 /* Embed Watch Content */ = {
			isa = PBXCopyFilesBuildPhase;
			buildActionMask = 2147483647;
			dstPath = "$(CONTENTS_FOLDER_PATH)/Watch";
			dstSubfolderSpec = 16;
			files = (
				7A35DAC21F55030700D71EB9 /* InputOutput WatchKit App.app in Embed Watch Content */,
			);
			name = "Embed Watch Content";
			runOnlyForDeploymentPostprocessing = 0;
		};
/* End PBXCopyFilesBuildPhase section */

/* Begin PBXFileReference section */
		7A35DAAF1F55030600D71EB9 /* InputOutput.app */ = {isa = PBXFileReference; explicitFileType = wrapper.application; includeInIndex = 0; path = InputOutput.app; sourceTree = BUILT_PRODUCTS_DIR; };
		7A35DAB21F55030600D71EB9 /* AppDelegate.swift */ = {isa = PBXFileReference; lastKnownFileType = sourcecode.swift; path = AppDelegate.swift; sourceTree = "<group>"; };
		7A35DAB41F55030600D71EB9 /* ViewController.swift */ = {isa = PBXFileReference; lastKnownFileType = sourcecode.swift; path = ViewController.swift; sourceTree = "<group>"; };
		7A35DAB71F55030600D71EB9 /* Base */ = {isa = PBXFileReference; lastKnownFileType = file.storyboard; name = Base; path = Base.lproj/Main.storyboard; sourceTree = "<group>"; };
		7A35DAB91F55030600D71EB9 /* Assets.xcassets */ = {isa = PBXFileReference; lastKnownFileType = folder.assetcatalog; path = Assets.xcassets; sourceTree = "<group>"; };
		7A35DABC1F55030600D71EB9 /* Base */ = {isa = PBXFileReference; lastKnownFileType = file.storyboard; name = Base; path = Base.lproj/LaunchScreen.storyboard; sourceTree = "<group>"; };
		7A35DABE1F55030600D71EB9 /* Info.plist */ = {isa = PBXFileReference; lastKnownFileType = text.plist.xml; path = Info.plist; sourceTree = "<group>"; };
		7A35DAC11F55030700D71EB9 /* InputOutput WatchKit App.app */ = {isa = PBXFileReference; explicitFileType = wrapper.application; includeInIndex = 0; path = "InputOutput WatchKit App.app"; sourceTree = BUILT_PRODUCTS_DIR; };
		7A35DAC71F55030700D71EB9 /* Base */ = {isa = PBXFileReference; lastKnownFileType = file.storyboard; name = Base; path = Base.lproj/Interface.storyboard; sourceTree = "<group>"; };
		7A35DAC91F55030700D71EB9 /* Assets.xcassets */ = {isa = PBXFileReference; lastKnownFileType = folder.assetcatalog; path = Assets.xcassets; sourceTree = "<group>"; };
		7A35DACB1F55030700D71EB9 /* Info.plist */ = {isa = PBXFileReference; lastKnownFileType = text.plist.xml; path = Info.plist; sourceTree = "<group>"; };
		7A35DAD01F55030700D71EB9 /* InputOutput WatchKit Extension.appex */ = {isa = PBXFileReference; explicitFileType = "wrapper.app-extension"; includeInIndex = 0; path = "InputOutput WatchKit Extension.appex"; sourceTree = BUILT_PRODUCTS_DIR; };
		7A35DAD51F55030700D71EB9 /* InterfaceController.swift */ = {isa = PBXFileReference; lastKnownFileType = sourcecode.swift; path = InterfaceController.swift; sourceTree = "<group>"; };
		7A35DAD71F55030700D71EB9 /* ExtensionDelegate.swift */ = {isa = PBXFileReference; lastKnownFileType = sourcecode.swift; path = ExtensionDelegate.swift; sourceTree = "<group>"; };
		7A35DAD91F55030700D71EB9 /* Assets.xcassets */ = {isa = PBXFileReference; lastKnownFileType = folder.assetcatalog; path = Assets.xcassets; sourceTree = "<group>"; };
		7A35DADB1F55030700D71EB9 /* Info.plist */ = {isa = PBXFileReference; lastKnownFileType = text.plist.xml; path = Info.plist; sourceTree = "<group>"; };
/* End PBXFileReference section */

/* Begin PBXFrameworksBuildPhase section */
		7A35DAAC1F55030600D71EB9 /* Frameworks */ = {
			isa = PBXFrameworksBuildPhase;
			buildActionMask = 2147483647;
			files = (
			);
			runOnlyForDeploymentPostprocessing = 0;
		};
		7A35DACD1F55030700D71EB9 /* Frameworks */ = {
			isa = PBXFrameworksBuildPhase;
			buildActionMask = 2147483647;
			files = (
			);
			runOnlyForDeploymentPostprocessing = 0;
		};
/* End PBXFrameworksBuildPhase section */

/* Begin PBXGroup section */
		7A35DAA61F55030600D71EB9 = {
			isa = PBXGroup;
			children = (
				7A35DAB11F55030600D71EB9 /* InputOutput */,
				7A35DAC51F55030700D71EB9 /* InputOutput WatchKit App */,
				7A35DAD41F55030700D71EB9 /* InputOutput WatchKit Extension */,
				7A35DAB01F55030600D71EB9 /* Products */,
			);
			sourceTree = "<group>";
		};
		7A35DAB01F55030600D71EB9 /* Products */ = {
			isa = PBXGroup;
			children = (
				7A35DAAF1F55030600D71EB9 /* InputOutput.app */,
				7A35DAC11F55030700D71EB9 /* InputOutput WatchKit App.app */,
				7A35DAD01F55030700D71EB9 /* InputOutput WatchKit Extension.appex */,
			);
			name = Products;
			sourceTree = "<group>";
		};
		7A35DAB11F55030600D71EB9 /* InputOutput */ = {
			isa = PBXGroup;
			children = (
				7A35DAB21F55030600D71EB9 /* AppDelegate.swift */,
				7A35DAB41F55030600D71EB9 /* ViewController.swift */,
				7A35DAB61F55030600D71EB9 /* Main.storyboard */,
				7A35DAB91F55030600D71EB9 /* Assets.xcassets */,
				7A35DABB1F55030600D71EB9 /* LaunchScreen.storyboard */,
				7A35DABE1F55030600D71EB9 /* Info.plist */,
			);
			path = InputOutput;
			sourceTree = "<group>";
		};
		7A35DAC51F55030700D71EB9 /* InputOutput WatchKit App */ = {
			isa = PBXGroup;
			children = (
				7A35DAC61F55030700D71EB9 /* Interface.storyboard */,
				7A35DAC91F55030700D71EB9 /* Assets.xcassets */,
				7A35DACB1F55030700D71EB9 /* Info.plist */,
			);
			path = "InputOutput WatchKit App";
			sourceTree = "<group>";
		};
		7A35DAD41F55030700D71EB9 /* InputOutput WatchKit Extension */ = {
			isa = PBXGroup;
			children = (
				7A35DAD51F55030700D71EB9 /* InterfaceController.swift */,
				7A35DAD71F55030700D71EB9 /* ExtensionDelegate.swift */,
				7A35DAD91F55030700D71EB9 /* Assets.xcassets */,
				7A35DADB1F55030700D71EB9 /* Info.plist */,
			);
			path = "InputOutput WatchKit Extension";
			sourceTree = "<group>";
		};
/* End PBXGroup section */

/* Begin PBXNativeTarget section */
		7A35DAAE1F55030600D71EB9 /* InputOutput */ = {
			isa = PBXNativeTarget;
			buildConfigurationList = 7A35DAE61F55030700D71EB9 /* Build configuration list for PBXNativeTarget "InputOutput" */;
			buildPhases = (
				7A35DAAB1F55030600D71EB9 /* Sources */,
				7A35DAAC1F55030600D71EB9 /* Frameworks */,
				7A35DAAD1F55030600D71EB9 /* Resources */,
				7A35DAE51F55030700D71EB9 /* Embed Watch Content */,
			);
			buildRules = (
			);
			dependencies = (
				7A35DAC41F55030700D71EB9 /* PBXTargetDependency */,
			);
			name = InputOutput;
			productName = InputOutput;
			productReference = 7A35DAAF1F55030600D71EB9 /* InputOutput.app */;
			productType = "com.apple.product-type.application";
		};
		7A35DAC01F55030700D71EB9 /* InputOutput WatchKit App */ = {
			isa = PBXNativeTarget;
			buildConfigurationList = 7A35DAE21F55030700D71EB9 /* Build configuration list for PBXNativeTarget "InputOutput WatchKit App" */;
			buildPhases = (
				7A35DABF1F55030700D71EB9 /* Resources */,
				7A35DAE11F55030700D71EB9 /* Embed App Extensions */,
			);
			buildRules = (
			);
			dependencies = (
				7A35DAD31F55030700D71EB9 /* PBXTargetDependency */,
			);
			name = "InputOutput WatchKit App";
			productName = "InputOutput WatchKit App";
			productReference = 7A35DAC11F55030700D71EB9 /* InputOutput WatchKit App.app */;
			productType = "com.apple.product-type.application.watchapp2";
		};
		7A35DACF1F55030700D71EB9 /* InputOutput WatchKit Extension */ = {
			isa = PBXNativeTarget;
			buildConfigurationList = 7A35DADE1F55030700D71EB9 /* Build configuration list for PBXNativeTarget "InputOutput WatchKit Extension" */;
			buildPhases = (
				7A35DACC1F55030700D71EB9 /* Sources */,
				7A35DACD1F55030700D71EB9 /* Frameworks */,
				7A35DACE1F55030700D71EB9 /* Resources */,
			);
			buildRules = (
			);
			dependencies = (
			);
			name = "InputOutput WatchKit Extension";
			productName = "InputOutput WatchKit Extension";
			productReference = 7A35DAD01F55030700D71EB9 /* InputOutput WatchKit Extension.appex */;
			productType = "com.apple.product-type.watchkit2-extension";
		};
/* End PBXNativeTarget section */

/* Begin PBXProject section */
		7A35DAA71F55030600D71EB9 /* Project object */ = {
			isa = PBXProject;
			attributes = {
				LastSwiftUpdateCheck = 0830;
				LastUpgradeCheck = 0830;
				ORGANIZATIONNAME = "Adrien Maranville";
				TargetAttributes = {
					7A35DAAE1F55030600D71EB9 = {
						CreatedOnToolsVersion = 8.3.3;
						DevelopmentTeam = K9KEJDHY56;
						ProvisioningStyle = Automatic;
					};
					7A35DAC01F55030700D71EB9 = {
						CreatedOnToolsVersion = 8.3.3;
						DevelopmentTeam = K9KEJDHY56;
						ProvisioningStyle = Automatic;
					};
					7A35DACF1F55030700D71EB9 = {
						CreatedOnToolsVersion = 8.3.3;
						DevelopmentTeam = K9KEJDHY56;
						ProvisioningStyle = Automatic;
					};
				};
			};
			buildConfigurationList = 7A35DAAA1F55030600D71EB9 /* Build configuration list for PBXProject "InputOutput" */;
			compatibilityVersion = "Xcode 3.2";
			developmentRegion = English;
			hasScannedForEncodings = 0;
			knownRegions = (
				en,
				Base,
			);
			mainGroup = 7A35DAA61F55030600D71EB9;
			productRefGroup = 7A35DAB01F55030600D71EB9 /* Products */;
			projectDirPath = "";
			projectRoot = "";
			targets = (
				7A35DAAE1F55030600D71EB9 /* InputOutput */,
				7A35DAC01F55030700D71EB9 /* InputOutput WatchKit App */,
				7A35DACF1F55030700D71EB9 /* InputOutput WatchKit Extension */,
			);
		};
/* End PBXProject section */

/* Begin PBXResourcesBuildPhase section */
		7A35DAAD1F55030600D71EB9 /* Resources */ = {
			isa = PBXResourcesBuildPhase;
			buildActionMask = 2147483647;
			files = (
				7A35DABD1F55030600D71EB9 /* LaunchScreen.storyboard in Resources */,
				7A35DABA1F55030600D71EB9 /* Assets.xcassets in Resources */,
				7A35DAB81F55030600D71EB9 /* Main.storyboard in Resources */,
			);
			runOnlyForDeploymentPostprocessing = 0;
		};
		7A35DABF1F55030700D71EB9 /* Resources */ = {
			isa = PBXResourcesBuildPhase;
			buildActionMask = 2147483647;
			files = (
				7A35DACA1F55030700D71EB9 /* Assets.xcassets in Resources */,
				7A35DAC81F55030700D71EB9 /* Interface.storyboard in Resources */,
			);
			runOnlyForDeploymentPostprocessing = 0;
		};
		7A35DACE1F55030700D71EB9 /* Resources */ = {
			isa = PBXResourcesBuildPhase;
			buildActionMask = 2147483647;
			files = (
				7A35DADA1F55030700D71EB9 /* Assets.xcassets in Resources */,
			);
			runOnlyForDeploymentPostprocessing = 0;
		};
/* End PBXResourcesBuildPhase section */

/* Begin PBXSourcesBuildPhase section */
		7A35DAAB1F55030600D71EB9 /* Sources */ = {
			isa = PBXSourcesBuildPhase;
			buildActionMask = 2147483647;
			files = (
				7A35DAB51F55030600D71EB9 /* ViewController.swift in Sources */,
				7A35DAB31F55030600D71EB9 /* AppDelegate.swift in Sources */,
			);
			runOnlyForDeploymentPostprocessing = 0;
		};
		7A35DACC1F55030700D71EB9 /* Sources */ = {
			isa = PBXSourcesBuildPhase;
			buildActionMask = 2147483647;
			files = (
				7A35DAD81F55030700D71EB9 /* ExtensionDelegate.swift in Sources */,
				7A35DAD61F55030700D71EB9 /* InterfaceController.swift in Sources */,
			);
			runOnlyForDeploymentPostprocessing = 0;
		};
/* End PBXSourcesBuildPhase section */

/* Begin PBXTargetDependency section */
		7A35DAC41F55030700D71EB9 /* PBXTargetDependency */ = {
			isa = PBXTargetDependency;
			target = 7A35DAC01F55030700D71EB9 /* InputOutput WatchKit App */;
			targetProxy = 7A35DAC31F55030700D71EB9 /* PBXContainerItemProxy */;
		};
		7A35DAD31F55030700D71EB9 /* PBXTargetDependency */ = {
			isa = PBXTargetDependency;
			target = 7A35DACF1F55030700D71EB9 /* InputOutput WatchKit Extension */;
			targetProxy = 7A35DAD21F55030700D71EB9 /* PBXContainerItemProxy */;
		};
/* End PBXTargetDependency section */

/* Begin PBXVariantGroup section */
		7A35DAB61F55030600D71EB9 /* Main.storyboard */ = {
			isa = PBXVariantGroup;
			children = (
				7A35DAB71F55030600D71EB9 /* Base */,
			);
			name = Main.storyboard;
			sourceTree = "<group>";
		};
		7A35DABB1F55030600D71EB9 /* LaunchScreen.storyboard */ = {
			isa = PBXVariantGroup;
			children = (
				7A35DABC1F55030600D71EB9 /* Base */,
			);
			name = LaunchScreen.storyboard;
			sourceTree = "<group>";
		};
		7A35DAC61F55030700D71EB9 /* Interface.storyboard */ = {
			isa = PBXVariantGroup;
			children = (
				7A35DAC71F55030700D71EB9 /* Base */,
			);
			name = Interface.storyboard;
			sourceTree = "<group>";
		};
/* End PBXVariantGroup section */

/* Begin XCBuildConfiguration section */
		7A35DADC1F55030700D71EB9 /* Debug */ = {
			isa = XCBuildConfiguration;
			buildSettings = {
				ALWAYS_SEARCH_USER_PATHS = NO;
				CLANG_ANALYZER_NONNULL = YES;
				CLANG_ANALYZER_NUMBER_OBJECT_CONVERSION = YES_AGGRESSIVE;
				CLANG_CXX_LANGUAGE_STANDARD = "gnu++0x";
				CLANG_CXX_LIBRARY = "libc++";
				CLANG_ENABLE_MODULES = YES;
				CLANG_ENABLE_OBJC_ARC = YES;
				CLANG_WARN_BOOL_CONVERSION = YES;
				CLANG_WARN_CONSTANT_CONVERSION = YES;
				CLANG_WARN_DIRECT_OBJC_ISA_USAGE = YES_ERROR;
				CLANG_WARN_DOCUMENTATION_COMMENTS = YES;
				CLANG_WARN_EMPTY_BODY = YES;
				CLANG_WARN_ENUM_CONVERSION = YES;
				CLANG_WARN_INFINITE_RECURSION = YES;
				CLANG_WARN_INT_CONVERSION = YES;
				CLANG_WARN_OBJC_ROOT_CLASS = YES_ERROR;
				CLANG_WARN_SUSPICIOUS_MOVE = YES;
				CLANG_WARN_UNREACHABLE_CODE = YES;
				CLANG_WARN__DUPLICATE_METHOD_MATCH = YES;
				"CODE_SIGN_IDENTITY[sdk=iphoneos*]" = "iPhone Developer";
				COPY_PHASE_STRIP = NO;
				DEBUG_INFORMATION_FORMAT = dwarf;
				ENABLE_STRICT_OBJC_MSGSEND = YES;
				ENABLE_TESTABILITY = YES;
				GCC_C_LANGUAGE_STANDARD = gnu99;
				GCC_DYNAMIC_NO_PIC = NO;
				GCC_NO_COMMON_BLOCKS = YES;
				GCC_OPTIMIZATION_LEVEL = 0;
				GCC_PREPROCESSOR_DEFINITIONS = (
					"DEBUG=1",
					"$(inherited)",
				);
				GCC_WARN_64_TO_32_BIT_CONVERSION = YES;
				GCC_WARN_ABOUT_RETURN_TYPE = YES_ERROR;
				GCC_WARN_UNDECLARED_SELECTOR = YES;
				GCC_WARN_UNINITIALIZED_AUTOS = YES_AGGRESSIVE;
				GCC_WARN_UNUSED_FUNCTION = YES;
				GCC_WARN_UNUSED_VARIABLE = YES;
				IPHONEOS_DEPLOYMENT_TARGET = 10.3;
				MTL_ENABLE_DEBUG_INFO = YES;
				ONLY_ACTIVE_ARCH = YES;
				SDKROOT = iphoneos;
				SWIFT_ACTIVE_COMPILATION_CONDITIONS = DEBUG;
				SWIFT_OPTIMIZATION_LEVEL = "-Onone";
				TARGETED_DEVICE_FAMILY = "1,2";
			};
			name = Debug;
		};
		7A35DADD1F55030700D71EB9 /* Release */ = {
			isa = XCBuildConfiguration;
			buildSettings = {
				ALWAYS_SEARCH_USER_PATHS = NO;
				CLANG_ANALYZER_NONNULL = YES;
				CLANG_ANALYZER_NUMBER_OBJECT_CONVERSION = YES_AGGRESSIVE;
				CLANG_CXX_LANGUAGE_STANDARD = "gnu++0x";
				CLANG_CXX_LIBRARY = "libc++";
				CLANG_ENABLE_MODULES = YES;
				CLANG_ENABLE_OBJC_ARC = YES;
				CLANG_WARN_BOOL_CONVERSION = YES;
				CLANG_WARN_CONSTANT_CONVERSION = YES;
				CLANG_WARN_DIRECT_OBJC_ISA_USAGE = YES_ERROR;
				CLANG_WARN_DOCUMENTATION_COMMENTS = YES;
				CLANG_WARN_EMPTY_BODY = YES;
				CLANG_WARN_ENUM_CONVERSION = YES;
				CLANG_WARN_INFINITE_RECURSION = YES;
				CLANG_WARN_INT_CONVERSION = YES;
				CLANG_WARN_OBJC_ROOT_CLASS = YES_ERROR;
				CLANG_WARN_SUSPICIOUS_MOVE = YES;
				CLANG_WARN_UNREACHABLE_CODE = YES;
				CLANG_WARN__DUPLICATE_METHOD_MATCH = YES;
				"CODE_SIGN_IDENTITY[sdk=iphoneos*]" = "iPhone Developer";
				COPY_PHASE_STRIP = NO;
				DEBUG_INFORMATION_FORMAT = "dwarf-with-dsym";
				ENABLE_NS_ASSERTIONS = NO;
				ENABLE_STRICT_OBJC_MSGSEND = YES;
				GCC_C_LANGUAGE_STANDARD = gnu99;
				GCC_NO_COMMON_BLOCKS = YES;
				GCC_WARN_64_TO_32_BIT_CONVERSION = YES;
				GCC_WARN_ABOUT_RETURN_TYPE = YES_ERROR;
				GCC_WARN_UNDECLARED_SELECTOR = YES;
				GCC_WARN_UNINITIALIZED_AUTOS = YES_AGGRESSIVE;
				GCC_WARN_UNUSED_FUNCTION = YES;
				GCC_WARN_UNUSED_VARIABLE = YES;
				IPHONEOS_DEPLOYMENT_TARGET = 10.3;
				MTL_ENABLE_DEBUG_INFO = NO;
				SDKROOT = iphoneos;
				SWIFT_OPTIMIZATION_LEVEL = "-Owholemodule";
				TARGETED_DEVICE_FAMILY = "1,2";
				VALIDATE_PRODUCT = YES;
			};
			name = Release;
		};
		7A35DADF1F55030700D71EB9 /* Debug */ = {
			isa = XCBuildConfiguration;
			buildSettings = {
				ASSETCATALOG_COMPILER_COMPLICATION_NAME = Complication;
				DEVELOPMENT_TEAM = K9KEJDHY56;
				INFOPLIST_FILE = "InputOutput WatchKit Extension/Info.plist";
				LD_RUNPATH_SEARCH_PATHS = "$(inherited) @executable_path/Frameworks @executable_path/../../Frameworks";
				PRODUCT_BUNDLE_IDENTIFIER = IO.Maranville.InputOutput.watchkitapp.watchkitextension;
				PRODUCT_NAME = "${TARGET_NAME}";
				SDKROOT = watchos;
				SKIP_INSTALL = YES;
				SWIFT_VERSION = 3.0;
				TARGETED_DEVICE_FAMILY = 4;
				WATCHOS_DEPLOYMENT_TARGET = 3.2;
			};
			name = Debug;
		};
		7A35DAE01F55030700D71EB9 /* Release */ = {
			isa = XCBuildConfiguration;
			buildSettings = {
				ASSETCATALOG_COMPILER_COMPLICATION_NAME = Complication;
				DEVELOPMENT_TEAM = K9KEJDHY56;
				INFOPLIST_FILE = "InputOutput WatchKit Extension/Info.plist";
				LD_RUNPATH_SEARCH_PATHS = "$(inherited) @executable_path/Frameworks @executable_path/../../Frameworks";
				PRODUCT_BUNDLE_IDENTIFIER = IO.Maranville.InputOutput.watchkitapp.watchkitextension;
				PRODUCT_NAME = "${TARGET_NAME}";
				SDKROOT = watchos;
				SKIP_INSTALL = YES;
				SWIFT_VERSION = 3.0;
				TARGETED_DEVICE_FAMILY = 4;
				WATCHOS_DEPLOYMENT_TARGET = 3.2;
			};
			name = Release;
		};
		7A35DAE31F55030700D71EB9 /* Debug */ = {
			isa = XCBuildConfiguration;
			buildSettings = {
				ALWAYS_EMBED_SWIFT_STANDARD_LIBRARIES = YES;
				ASSETCATALOG_COMPILER_APPICON_NAME = AppIcon;
				DEVELOPMENT_TEAM = K9KEJDHY56;
				IBSC_MODULE = InputOutput_WatchKit_Extension;
				INFOPLIST_FILE = "InputOutput WatchKit App/Info.plist";
				PRODUCT_BUNDLE_IDENTIFIER = IO.Maranville.InputOutput.watchkitapp;
				PRODUCT_NAME = "$(TARGET_NAME)";
				SDKROOT = watchos;
				SKIP_INSTALL = YES;
				SWIFT_VERSION = 3.0;
				TARGETED_DEVICE_FAMILY = 4;
				WATCHOS_DEPLOYMENT_TARGET = 3.2;
			};
			name = Debug;
		};
		7A35DAE41F55030700D71EB9 /* Release */ = {
			isa = XCBuildConfiguration;
			buildSettings = {
				ALWAYS_EMBED_SWIFT_STANDARD_LIBRARIES = YES;
				ASSETCATALOG_COMPILER_APPICON_NAME = AppIcon;
				DEVELOPMENT_TEAM = K9KEJDHY56;
				IBSC_MODULE = InputOutput_WatchKit_Extension;
				INFOPLIST_FILE = "InputOutput WatchKit App/Info.plist";
				PRODUCT_BUNDLE_IDENTIFIER = IO.Maranville.InputOutput.watchkitapp;
				PRODUCT_NAME = "$(TARGET_NAME)";
				SDKROOT = watchos;
				SKIP_INSTALL = YES;
				SWIFT_VERSION = 3.0;
				TARGETED_DEVICE_FAMILY = 4;
				WATCHOS_DEPLOYMENT_TARGET = 3.2;
			};
			name = Release;
		};
		7A35DAE71F55030700D71EB9 /* Debug */ = {
			isa = XCBuildConfiguration;
			buildSettings = {
				ASSETCATALOG_COMPILER_APPICON_NAME = AppIcon;
				DEVELOPMENT_TEAM = K9KEJDHY56;
				INFOPLIST_FILE = InputOutput/Info.plist;
				LD_RUNPATH_SEARCH_PATHS = "$(inherited) @executable_path/Frameworks";
				PRODUCT_BUNDLE_IDENTIFIER = IO.Maranville.InputOutput;
				PRODUCT_NAME = "$(TARGET_NAME)";
				SWIFT_VERSION = 3.0;
			};
			name = Debug;
		};
		7A35DAE81F55030700D71EB9 /* Release */ = {
			isa = XCBuildConfiguration;
			buildSettings = {
				ASSETCATALOG_COMPILER_APPICON_NAME = AppIcon;
				DEVELOPMENT_TEAM = K9KEJDHY56;
				INFOPLIST_FILE = InputOutput/Info.plist;
				LD_RUNPATH_SEARCH_PATHS = "$(inherited) @executable_path/Frameworks";
				PRODUCT_BUNDLE_IDENTIFIER = IO.Maranville.InputOutput;
				PRODUCT_NAME = "$(TARGET_NAME)";
				SWIFT_VERSION = 3.0;
			};
			name = Release;
		};
/* End XCBuildConfiguration section */

/* Begin XCConfigurationList section */
		7A35DAAA1F55030600D71EB9 /* Build configuration list for PBXProject "InputOutput" */ = {
			isa = XCConfigurationList;
			buildConfigurations = (
				7A35DADC1F55030700D71EB9 /* Debug */,
				7A35DADD1F55030700D71EB9 /* Release */,
			);
			defaultConfigurationIsVisible = 0;
			defaultConfigurationName = Release;
		};
		7A35DADE1F55030700D71EB9 /* Build configuration list for PBXNativeTarget "InputOutput WatchKit Extension" */ = {
			isa = XCConfigurationList;
			buildConfigurations = (
				7A35DADF1F55030700D71EB9 /* Debug */,
				7A35DAE01F55030700D71EB9 /* Release */,
			);
			defaultConfigurationIsVisible = 0;
		};
		7A35DAE21F55030700D71EB9 /* Build configuration list for PBXNativeTarget "InputOutput WatchKit App" */ = {
			isa = XCConfigurationList;
			buildConfigurations = (
				7A35DAE31F55030700D71EB9 /* Debug */,
				7A35DAE41F55030700D71EB9 /* Release */,
			);
			defaultConfigurationIsVisible = 0;
		};
		7A35DAE61F55030700D71EB9 /* Build configuration list for PBXNativeTarget "InputOutput" */ = {
			isa = XCConfigurationList;
			buildConfigurations = (
				7A35DAE71F55030700D71EB9 /* Debug */,
				7A35DAE81F55030700D71EB9 /* Release */,
			);
			defaultConfigurationIsVisible = 0;
		};
/* End XCConfigurationList section */
	};
	rootObject = 7A35DAA71F55030600D71EB9 /* Project object */;
}
